PODS:
  - Flutter (1.0.0)
  - flutter_contacts (0.0.1):
    - Flutter

DEPENDENCIES:
  - Flutter (from `Flutter`)
  - flutter_contacts (from `.symlinks/plugins/flutter_contacts/ios`)

EXTERNAL SOURCES:
  Flutter:
    :path: Flutter
  flutter_contacts:
    :path: ".symlinks/plugins/flutter_contacts/ios"

SPEC CHECKSUMS:
  Flutter: cabc95a1d2626b1b06e7179b784ebcf0c0cde467
  flutter_contacts: 2ec1d6b62ca2869c3bbb3871bd74d4e3ef157135

PODFILE CHECKSUM: fcce97df5af1c65984888774348b9490e763bef2

COCOAPODS: 1.16.2
