PODS:
  - flutter_contacts (0.0.1):
    - FlutterMacOS
  - FlutterMacOS (1.0.0)

DEPENDENCIES:
  - flutter_contacts (from `Flutter/ephemeral/.symlinks/plugins/flutter_contacts/macos`)
  - FlutterMacOS (from `Flutter/ephemeral`)

EXTERNAL SOURCES:
  flutter_contacts:
    :path: Flutter/ephemeral/.symlinks/plugins/flutter_contacts/macos
  FlutterMacOS:
    :path: Flutter/ephemeral

SPEC CHECKSUMS:
  flutter_contacts: 22579d648c4278eefa588e8392499f10540a24b2
  FlutterMacOS: d0db08ddef1a9af05a5ec4b724367152bb0500b1

PODFILE CHECKSUM: e001b9f71595a31d4123e5b3773f21816dc025e8

COCOAPODS: 1.16.2
